
Microsoft Visual Studio Solution File, Format Version 12.00
# Visual Studio Version 17
VisualStudioVersion = 17.13.35931.197 d17.13
MinimumVisualStudioVersion = 10.0.40219.1
Project("{FAE04EC0-301F-11D3-BF4B-00C04F79EFBC}") = "Eatery_API", "Eatery_API\Eatery_API.csproj", "{6DD1EF15-4AA7-491C-AF6A-2B91F6326516}"
EndProject
Project("{E53339B2-1760-4266-BCC7-CA923CBCF16C}") = "docker-compose", "docker-compose.dcproj", "{81DDED9D-158B-E303-5F62-77A2896D2A5A}"
EndProject
Global
	GlobalSection(SolutionConfigurationPlatforms) = preSolution
		Debug|Any CPU = Debug|Any CPU
		Release|Any CPU = Release|Any CPU
	EndGlobalSection
	GlobalSection(ProjectConfigurationPlatforms) = postSolution
		{6DD1EF15-4AA7-491C-AF6A-2B91F6326516}.Debug|Any CPU.ActiveCfg = Debug|Any CPU
		{6DD1EF15-4AA7-491C-AF6A-2B91F6326516}.Debug|Any CPU.Build.0 = Debug|Any CPU
		{6DD1EF15-4AA7-491C-AF6A-2B91F6326516}.Release|Any CPU.ActiveCfg = Release|Any CPU
		{6DD1EF15-4AA7-491C-AF6A-2B91F6326516}.Release|Any CPU.Build.0 = Release|Any CPU
		{81DDED9D-158B-E303-5F62-77A2896D2A5A}.Debug|Any CPU.ActiveCfg = Debug|Any CPU
		{81DDED9D-158B-E303-5F62-77A2896D2A5A}.Debug|Any CPU.Build.0 = Debug|Any CPU
		{81DDED9D-158B-E303-5F62-77A2896D2A5A}.Release|Any CPU.ActiveCfg = Release|Any CPU
		{81DDED9D-158B-E303-5F62-77A2896D2A5A}.Release|Any CPU.Build.0 = Release|Any CPU
	EndGlobalSection
	GlobalSection(SolutionProperties) = preSolution
		HideSolutionNode = FALSE
	EndGlobalSection
	GlobalSection(ExtensibilityGlobals) = postSolution
		SolutionGuid = {E79909DF-0B61-4649-BCA3-801A5846BEEC}
	EndGlobalSection
EndGlobal
